
Microsoft Visual Studio Solution File, Format Version 12.00
# Visual Studio Version 17
VisualStudioVersion = 17.14.36408.4 d17.14
MinimumVisualStudioVersion = 10.0.40219.1
Project("{FAE04EC0-301F-11D3-BF4B-00C04F79EFBC}") = "AzQueueServiceDemo", "AzQueueServiceDemo\AzQueueServiceDemo.csproj", "{615C641A-4EDB-48B2-95EF-098A217DEC79}"
EndProject
Global
	GlobalSection(SolutionConfigurationPlatforms) = preSolution
		Debug|Any CPU = Debug|Any CPU
		Release|Any CPU = Release|Any CPU
	EndGlobalSection
	GlobalSection(ProjectConfigurationPlatforms) = postSolution
		{615C641A-4EDB-48B2-95EF-098A217DEC79}.Debug|Any CPU.ActiveCfg = Debug|Any CPU
		{615C641A-4EDB-48B2-95EF-098A217DEC79}.Debug|Any CPU.Build.0 = Debug|Any CPU
		{615C641A-4EDB-48B2-95EF-098A217DEC79}.Release|Any CPU.ActiveCfg = Release|Any CPU
		{615C641A-4EDB-48B2-95EF-098A217DEC79}.Release|Any CPU.Build.0 = Release|Any CPU
	EndGlobalSection
	GlobalSection(SolutionProperties) = preSolution
		HideSolutionNode = FALSE
	EndGlobalSection
	GlobalSection(ExtensibilityGlobals) = postSolution
		SolutionGuid = {68457083-1115-449B-96DC-11BC7C9F71B0}
	EndGlobalSection
EndGlobal
