
Microsoft Visual Studio Solution File, Format Version 12.00
Project("{FAE04EC0-301F-11D3-BF4B-00C04F79EFBC}") = "OOPsConcept1", "OOPsConcept1\OOPsConcept1.csproj", "{C2CB2090-F1CE-4292-B156-DB4CC6B27437}"
EndProject
Project("{FAE04EC0-301F-11D3-BF4B-00C04F79EFBC}") = "ClassLibrary1", "ClassLibrary1\ClassLibrary1.csproj", "{8F664E2B-B49E-4908-B4A9-ED0BBD2B5559}"
EndProject
Global
	GlobalSection(SolutionConfigurationPlatforms) = preSolution
		Debug|Any CPU = Debug|Any CPU
		Release|Any CPU = Release|Any CPU
	EndGlobalSection
	GlobalSection(ProjectConfigurationPlatforms) = postSolution
		{C2CB2090-F1CE-4292-B156-DB4CC6B27437}.Debug|Any CPU.ActiveCfg = Debug|Any CPU
		{C2CB2090-F1CE-4292-B156-DB4CC6B27437}.Debug|Any CPU.Build.0 = Debug|Any CPU
		{C2CB2090-F1CE-4292-B156-DB4CC6B27437}.Release|Any CPU.ActiveCfg = Release|Any CPU
		{C2CB2090-F1CE-4292-B156-DB4CC6B27437}.Release|Any CPU.Build.0 = Release|Any CPU
		{8F664E2B-B49E-4908-B4A9-ED0BBD2B5559}.Debug|Any CPU.ActiveCfg = Debug|Any CPU
		{8F664E2B-B49E-4908-B4A9-ED0BBD2B5559}.Debug|Any CPU.Build.0 = Debug|Any CPU
		{8F664E2B-B49E-4908-B4A9-ED0BBD2B5559}.Release|Any CPU.ActiveCfg = Release|Any CPU
		{8F664E2B-B49E-4908-B4A9-ED0BBD2B5559}.Release|Any CPU.Build.0 = Release|Any CPU
	EndGlobalSection
EndGlobal
