
Microsoft Visual Studio Solution File, Format Version 12.00
Project("{FAE04EC0-301F-11D3-BF4B-00C04F79EFBC}") = "DocumentEditorDesign.ConsoleApp", "DocumentEditorDesign.ConsoleApp\DocumentEditorDesign.ConsoleApp.csproj", "{28F46A35-53A6-4E9A-9382-0CE61D6311C1}"
EndProject
Global
	GlobalSection(SolutionConfigurationPlatforms) = preSolution
		Debug|Any CPU = Debug|Any CPU
		Release|Any CPU = Release|Any CPU
	EndGlobalSection
	GlobalSection(ProjectConfigurationPlatforms) = postSolution
		{28F46A35-53A6-4E9A-9382-0CE61D6311C1}.Debug|Any CPU.ActiveCfg = Debug|Any CPU
		{28F46A35-53A6-4E9A-9382-0CE61D6311C1}.Debug|Any CPU.Build.0 = Debug|Any CPU
		{28F46A35-53A6-4E9A-9382-0CE61D6311C1}.Release|Any CPU.ActiveCfg = Release|Any CPU
		{28F46A35-53A6-4E9A-9382-0CE61D6311C1}.Release|Any CPU.Build.0 = Release|Any CPU
	EndGlobalSection
EndGlobal
